
Microsoft Visual Studio Solution File, Format Version 12.00
# Visual Studio Version 17
VisualStudioVersion = 17.14.36717.8 d17.14
MinimumVisualStudioVersion = 10.0.40219.1
Project("{FAE04EC0-301F-11D3-BF4B-00C04F79EFBC}") = "TristansTrackers", "TristansTrackers.csproj", "{1BFF1F50-12B7-4EBE-B861-57916B4EC94B}"
EndProject
Global
	GlobalSection(SolutionConfigurationPlatforms) = preSolution
		Debug|Any CPU = Debug|Any CPU
		Release|Any CPU = Release|Any CPU
	EndGlobalSection
	GlobalSection(ProjectConfigurationPlatforms) = postSolution
		{1BFF1F50-12B7-4EBE-B861-57916B4EC94B}.Debug|Any CPU.ActiveCfg = Debug|Any CPU
		{1BFF1F50-12B7-4EBE-B861-57916B4EC94B}.Debug|Any CPU.Build.0 = Debug|Any CPU
		{1BFF1F50-12B7-4EBE-B861-57916B4EC94B}.Release|Any CPU.ActiveCfg = Release|Any CPU
		{1BFF1F50-12B7-4EBE-B861-57916B4EC94B}.Release|Any CPU.Build.0 = Release|Any CPU
	EndGlobalSection
	GlobalSection(SolutionProperties) = preSolution
		HideSolutionNode = FALSE
	EndGlobalSection
	GlobalSection(ExtensibilityGlobals) = postSolution
		SolutionGuid = {AE8FE096-71B9-4712-9E44-72153516D948}
	EndGlobalSection
EndGlobal
